
Microsoft Visual Studio Solution File, Format Version 12.00
# Visual Studio Version 16
VisualStudioVersion = 16.0.30128.74
MinimumVisualStudioVersion = 10.0.40219.1
Project("{FAE04EC0-301F-11D3-BF4B-00C04F79EFBC}") = "WebAdvert.Web", "WebAdvert.Web.csproj", "{441D1BE3-FF54-445D-818A-D1C0293D6EF1}"
EndProject
Global
	GlobalSection(SolutionConfigurationPlatforms) = preSolution
		Debug|Any CPU = Debug|Any CPU
		Release|Any CPU = Release|Any CPU
	EndGlobalSection
	GlobalSection(ProjectConfigurationPlatforms) = postSolution
		{441D1BE3-FF54-445D-818A-D1C0293D6EF1}.Debug|Any CPU.ActiveCfg = Debug|Any CPU
		{441D1BE3-FF54-445D-818A-D1C0293D6EF1}.Debug|Any CPU.Build.0 = Debug|Any CPU
		{441D1BE3-FF54-445D-818A-D1C0293D6EF1}.Release|Any CPU.ActiveCfg = Release|Any CPU
		{441D1BE3-FF54-445D-818A-D1C0293D6EF1}.Release|Any CPU.Build.0 = Release|Any CPU
	EndGlobalSection
	GlobalSection(SolutionProperties) = preSolution
		HideSolutionNode = FALSE
	EndGlobalSection
	GlobalSection(ExtensibilityGlobals) = postSolution
		SolutionGuid = {35737A4F-06A5-4E1F-B0DE-5BC360CF30F8}
	EndGlobalSection
EndGlobal
